
Microsoft Visual Studio Solution File, Format Version 12.00
# Visual Studio 15
VisualStudioVersion = 15.0.28307.271
MinimumVisualStudioVersion = 10.0.40219.1
Project("{FAE04EC0-301F-11D3-BF4B-00C04F79EFBC}") = "F23.ODataLite", "F23.ODataLite\F23.ODataLite.csproj", "{20EE8BA4-6A87-4170-BA63-5792D51724E4}"
EndProject
Global
	GlobalSection(SolutionConfigurationPlatforms) = preSolution
		Debug|Any CPU = Debug|Any CPU
		Release|Any CPU = Release|Any CPU
	EndGlobalSection
	GlobalSection(ProjectConfigurationPlatforms) = postSolution
		{20EE8BA4-6A87-4170-BA63-5792D51724E4}.Debug|Any CPU.ActiveCfg = Debug|Any CPU
		{20EE8BA4-6A87-4170-BA63-5792D51724E4}.Debug|Any CPU.Build.0 = Debug|Any CPU
		{20EE8BA4-6A87-4170-BA63-5792D51724E4}.Release|Any CPU.ActiveCfg = Release|Any CPU
		{20EE8BA4-6A87-4170-BA63-5792D51724E4}.Release|Any CPU.Build.0 = Release|Any CPU
	EndGlobalSection
	GlobalSection(SolutionProperties) = preSolution
		HideSolutionNode = FALSE
	EndGlobalSection
	GlobalSection(ExtensibilityGlobals) = postSolution
		SolutionGuid = {5C2D8D9D-86B1-40EF-8B13-4F011D65705A}
	EndGlobalSection
EndGlobal
